
Microsoft Visual Studio Solution File, Format Version 12.00
# Visual Studio 2013
VisualStudioVersion = 12.0.40629.0
MinimumVisualStudioVersion = 10.0.40219.1
Project("{FAE04EC0-301F-11D3-BF4B-00C04F79EFBC}") = "TicTacToe.UnitTests", "TicTacToe.UnitTests\TicTacToe.UnitTests.csproj", "{87931949-DD3F-4362-91F0-0F1CFC7471EA}"
EndProject
Project("{FAE04EC0-301F-11D3-BF4B-00C04F79EFBC}") = "TicTacToe.Services", "TicTacToe.Services\TicTacToe.Services.csproj", "{0DCA132F-BFB4-4D29-96DD-FC2548DC2B7F}"
EndProject
Project("{2150E333-8FDC-42A3-9474-1A3956D46DE8}") = ".nuget", ".nuget", "{61566164-086D-424D-BC79-9C9A86F62EC3}"
	ProjectSection(SolutionItems) = preProject
		.nuget\packages.config = .nuget\packages.config
	EndProjectSection
EndProject
Global
	GlobalSection(SolutionConfigurationPlatforms) = preSolution
		Debug|Any CPU = Debug|Any CPU
		Release|Any CPU = Release|Any CPU
	EndGlobalSection
	GlobalSection(ProjectConfigurationPlatforms) = postSolution
		{87931949-DD3F-4362-91F0-0F1CFC7471EA}.Debug|Any CPU.ActiveCfg = Debug|Any CPU
		{87931949-DD3F-4362-91F0-0F1CFC7471EA}.Debug|Any CPU.Build.0 = Debug|Any CPU
		{87931949-DD3F-4362-91F0-0F1CFC7471EA}.Release|Any CPU.ActiveCfg = Release|Any CPU
		{87931949-DD3F-4362-91F0-0F1CFC7471EA}.Release|Any CPU.Build.0 = Release|Any CPU
		{0DCA132F-BFB4-4D29-96DD-FC2548DC2B7F}.Debug|Any CPU.ActiveCfg = Debug|Any CPU
		{0DCA132F-BFB4-4D29-96DD-FC2548DC2B7F}.Debug|Any CPU.Build.0 = Debug|Any CPU
		{0DCA132F-BFB4-4D29-96DD-FC2548DC2B7F}.Release|Any CPU.ActiveCfg = Release|Any CPU
		{0DCA132F-BFB4-4D29-96DD-FC2548DC2B7F}.Release|Any CPU.Build.0 = Release|Any CPU
	EndGlobalSection
	GlobalSection(SolutionProperties) = preSolution
		HideSolutionNode = FALSE
	EndGlobalSection
EndGlobal
